
Microsoft Visual Studio Solution File, Format Version 11.00
# Visual Studio 2010
Project("{FAE04EC0-301F-11D3-BF4B-00C04F79EFBC}") = "FUNWAP_INTERPERET", "FUNWAP_INTERPERET\FUNWAP_INTERPERET.csproj", "{F69BBF0A-F1CE-49B1-9AF1-C25718F4FDAE}"
EndProject
Project("{FAE04EC0-301F-11D3-BF4B-00C04F79EFBC}") = "FUNWAPCLASS", "FUNWAPCLASS\FUNWAPCLASS.csproj", "{92EE486B-B8ED-4CDE-81CA-32E4C85EA1EB}"
EndProject
Project("{FAE04EC0-301F-11D3-BF4B-00C04F79EFBC}") = "FUNWAPCOMPILE", "FUNWAPCOMPILE\FUNWAPCOMPILE.csproj", "{97FBEB66-11E4-4C35-97F2-F5CFFBEDF93D}"
EndProject
Global
	GlobalSection(SolutionConfigurationPlatforms) = preSolution
		Debug|x86 = Debug|x86
		Release|x86 = Release|x86
	EndGlobalSection
	GlobalSection(ProjectConfigurationPlatforms) = postSolution
		{F69BBF0A-F1CE-49B1-9AF1-C25718F4FDAE}.Debug|x86.ActiveCfg = Debug|x86
		{F69BBF0A-F1CE-49B1-9AF1-C25718F4FDAE}.Debug|x86.Build.0 = Debug|x86
		{F69BBF0A-F1CE-49B1-9AF1-C25718F4FDAE}.Release|x86.ActiveCfg = Release|x86
		{F69BBF0A-F1CE-49B1-9AF1-C25718F4FDAE}.Release|x86.Build.0 = Release|x86
		{92EE486B-B8ED-4CDE-81CA-32E4C85EA1EB}.Debug|x86.ActiveCfg = Debug|x86
		{92EE486B-B8ED-4CDE-81CA-32E4C85EA1EB}.Debug|x86.Build.0 = Debug|x86
		{92EE486B-B8ED-4CDE-81CA-32E4C85EA1EB}.Release|x86.ActiveCfg = Release|x86
		{92EE486B-B8ED-4CDE-81CA-32E4C85EA1EB}.Release|x86.Build.0 = Release|x86
		{97FBEB66-11E4-4C35-97F2-F5CFFBEDF93D}.Debug|x86.ActiveCfg = Debug|x86
		{97FBEB66-11E4-4C35-97F2-F5CFFBEDF93D}.Debug|x86.Build.0 = Debug|x86
		{97FBEB66-11E4-4C35-97F2-F5CFFBEDF93D}.Release|x86.ActiveCfg = Release|x86
		{97FBEB66-11E4-4C35-97F2-F5CFFBEDF93D}.Release|x86.Build.0 = Release|x86
	EndGlobalSection
	GlobalSection(SolutionProperties) = preSolution
		HideSolutionNode = FALSE
	EndGlobalSection
EndGlobal
